// !$*UTF8*$!
{
	archiveVersion = 1;
	classes = {
	};
	objectVersion = 56;
	objects = {

/* Begin PBXBuildFile section */
		9E3E85FC2B1A2EF100F3FD98 /* TikTokApp.swift in Sources */ = {isa = PBXBuildFile; fileRef = 9E3E85FB2B1A2EF100F3FD98 /* TikTokApp.swift */; };
		9E3E85FE2B1A2EF100F3FD98 /* ContentView.swift in Sources */ = {isa = PBXBuildFile; fileRef = 9E3E85FD2B1A2EF100F3FD98 /* ContentView.swift */; };
		9E3E86002B1A2EF200F3FD98 /* Assets.xcassets in Resources */ = {isa = PBXBuildFile; fileRef = 9E3E85FF2B1A2EF200F3FD98 /* Assets.xcassets */; };
		9E3E86032B1A2EF200F3FD98 /* Preview Assets.xcassets in Resources */ = {isa = PBXBuildFile; fileRef = 9E3E86022B1A2EF200F3FD98 /* Preview Assets.xcassets */; };
		9E3E861D2B1A309A00F3FD98 /* MainTabView.swift in Sources */ = {isa = PBXBuildFile; fileRef = 9E3E861C2B1A309A00F3FD98 /* MainTabView.swift */; };
		9E3E861F2B1A35E800F3FD98 /* FeedView.swift in Sources */ = {isa = PBXBuildFile; fileRef = 9E3E861E2B1A35E800F3FD98 /* FeedView.swift */; };
		9E3E86212B1A37BA00F3FD98 /* FeedCell.swift in Sources */ = {isa = PBXBuildFile; fileRef = 9E3E86202B1A37BA00F3FD98 /* FeedCell.swift */; };
		9E3E86232B1A456E00F3FD98 /* ExploreView.swift in Sources */ = {isa = PBXBuildFile; fileRef = 9E3E86222B1A456E00F3FD98 /* ExploreView.swift */; };
		9E3E86252B1A457E00F3FD98 /* UserCell.swift in Sources */ = {isa = PBXBuildFile; fileRef = 9E3E86242B1A457E00F3FD98 /* UserCell.swift */; };
		9E3E86272B1A4A8600F3FD98 /* NotificationsView.swift in Sources */ = {isa = PBXBuildFile; fileRef = 9E3E86262B1A4A8600F3FD98 /* NotificationsView.swift */; };
		9E3E86292B1A4A9800F3FD98 /* NotificationsCell.swift in Sources */ = {isa = PBXBuildFile; fileRef = 9E3E86282B1A4A9800F3FD98 /* NotificationsCell.swift */; };
		9E3E862B2B1A4F4B00F3FD98 /* CurrentUserProfileView.swift in Sources */ = {isa = PBXBuildFile; fileRef = 9E3E862A2B1A4F4B00F3FD98 /* CurrentUserProfileView.swift */; };
		9E3E862D2B1A509500F3FD98 /* ProfileHeaderView.swift in Sources */ = {isa = PBXBuildFile; fileRef = 9E3E862C2B1A509500F3FD98 /* ProfileHeaderView.swift */; };
		9E3E862F2B1A50AE00F3FD98 /* PostGridView.swift in Sources */ = {isa = PBXBuildFile; fileRef = 9E3E862E2B1A50AE00F3FD98 /* PostGridView.swift */; };
		9E3E86332B1A540C00F3FD98 /* UserStatView.swift in Sources */ = {isa = PBXBuildFile; fileRef = 9E3E86322B1A540C00F3FD98 /* UserStatView.swift */; };
/* End PBXBuildFile section */

/* Begin PBXFileReference section */
		9E3E85F82B1A2EF100F3FD98 /* TikTok.app */ = {isa = PBXFileReference; explicitFileType = wrapper.application; includeInIndex = 0; path = TikTok.app; sourceTree = BUILT_PRODUCTS_DIR; };
		9E3E85FB2B1A2EF100F3FD98 /* TikTokApp.swift */ = {isa = PBXFileReference; lastKnownFileType = sourcecode.swift; path = TikTokApp.swift; sourceTree = "<group>"; };
		9E3E85FD2B1A2EF100F3FD98 /* ContentView.swift */ = {isa = PBXFileReference; lastKnownFileType = sourcecode.swift; path = ContentView.swift; sourceTree = "<group>"; };
		9E3E85FF2B1A2EF200F3FD98 /* Assets.xcassets */ = {isa = PBXFileReference; lastKnownFileType = folder.assetcatalog; path = Assets.xcassets; sourceTree = "<group>"; };
		9E3E86022B1A2EF200F3FD98 /* Preview Assets.xcassets */ = {isa = PBXFileReference; lastKnownFileType = folder.assetcatalog; path = "Preview Assets.xcassets"; sourceTree = "<group>"; };
		9E3E861C2B1A309A00F3FD98 /* MainTabView.swift */ = {isa = PBXFileReference; lastKnownFileType = sourcecode.swift; path = MainTabView.swift; sourceTree = "<group>"; };
		9E3E861E2B1A35E800F3FD98 /* FeedView.swift */ = {isa = PBXFileReference; lastKnownFileType = sourcecode.swift; path = FeedView.swift; sourceTree = "<group>"; };
		9E3E86202B1A37BA00F3FD98 /* FeedCell.swift */ = {isa = PBXFileReference; lastKnownFileType = sourcecode.swift; path = FeedCell.swift; sourceTree = "<group>"; };
		9E3E86222B1A456E00F3FD98 /* ExploreView.swift */ = {isa = PBXFileReference; lastKnownFileType = sourcecode.swift; path = ExploreView.swift; sourceTree = "<group>"; };
		9E3E86242B1A457E00F3FD98 /* UserCell.swift */ = {isa = PBXFileReference; lastKnownFileType = sourcecode.swift; path = UserCell.swift; sourceTree = "<group>"; };
		9E3E86262B1A4A8600F3FD98 /* NotificationsView.swift */ = {isa = PBXFileReference; lastKnownFileType = sourcecode.swift; path = NotificationsView.swift; sourceTree = "<group>"; };
		9E3E86282B1A4A9800F3FD98 /* NotificationsCell.swift */ = {isa = PBXFileReference; lastKnownFileType = sourcecode.swift; path = NotificationsCell.swift; sourceTree = "<group>"; };
		9E3E862A2B1A4F4B00F3FD98 /* CurrentUserProfileView.swift */ = {isa = PBXFileReference; lastKnownFileType = sourcecode.swift; path = CurrentUserProfileView.swift; sourceTree = "<group>"; };
		9E3E862C2B1A509500F3FD98 /* ProfileHeaderView.swift */ = {isa = PBXFileReference; lastKnownFileType = sourcecode.swift; path = ProfileHeaderView.swift; sourceTree = "<group>"; };
		9E3E862E2B1A50AE00F3FD98 /* PostGridView.swift */ = {isa = PBXFileReference; lastKnownFileType = sourcecode.swift; path = PostGridView.swift; sourceTree = "<group>"; };
		9E3E86322B1A540C00F3FD98 /* UserStatView.swift */ = {isa = PBXFileReference; lastKnownFileType = sourcecode.swift; path = UserStatView.swift; sourceTree = "<group>"; };
/* End PBXFileReference section */

/* Begin PBXFrameworksBuildPhase section */
		9E3E85F52B1A2EF100F3FD98 /* Frameworks */ = {
			isa = PBXFrameworksBuildPhase;
			buildActionMask = 2147483647;
			files = (
			);
			runOnlyForDeploymentPostprocessing = 0;
		};
/* End PBXFrameworksBuildPhase section */

/* Begin PBXGroup section */
		9E3E85EF2B1A2EF100F3FD98 = {
			isa = PBXGroup;
			children = (
				9E3E85FA2B1A2EF100F3FD98 /* TikTok */,
				9E3E85F92B1A2EF100F3FD98 /* Products */,
			);
			sourceTree = "<group>";
		};
		9E3E85F92B1A2EF100F3FD98 /* Products */ = {
			isa = PBXGroup;
			children = (
				9E3E85F82B1A2EF100F3FD98 /* TikTok.app */,
			);
			name = Products;
			sourceTree = "<group>";
		};
		9E3E85FA2B1A2EF100F3FD98 /* TikTok */ = {
			isa = PBXGroup;
			children = (
				9E3E86112B1A2F3900F3FD98 /* App */,
				9E3E86102B1A2F3700F3FD98 /* Core */,
				9E3E860F2B1A2F3600F3FD98 /* Extensions */,
				9E3E860E2B1A2F3400F3FD98 /* Model */,
				9E3E860D2B1A2F3200F3FD98 /* Services */,
				9E3E86092B1A2F2600F3FD98 /* Utils */,
				9E3E85FF2B1A2EF200F3FD98 /* Assets.xcassets */,
				9E3E86012B1A2EF200F3FD98 /* Preview Content */,
			);
			path = TikTok;
			sourceTree = "<group>";
		};
		9E3E86012B1A2EF200F3FD98 /* Preview Content */ = {
			isa = PBXGroup;
			children = (
				9E3E86022B1A2EF200F3FD98 /* Preview Assets.xcassets */,
			);
			path = "Preview Content";
			sourceTree = "<group>";
		};
		9E3E86092B1A2F2600F3FD98 /* Utils */ = {
			isa = PBXGroup;
			children = (
			);
			path = Utils;
			sourceTree = "<group>";
		};
		9E3E860D2B1A2F3200F3FD98 /* Services */ = {
			isa = PBXGroup;
			children = (
			);
			path = Services;
			sourceTree = "<group>";
		};
		9E3E860E2B1A2F3400F3FD98 /* Model */ = {
			isa = PBXGroup;
			children = (
			);
			path = Model;
			sourceTree = "<group>";
		};
		9E3E860F2B1A2F3600F3FD98 /* Extensions */ = {
			isa = PBXGroup;
			children = (
			);
			path = Extensions;
			sourceTree = "<group>";
		};
		9E3E86102B1A2F3700F3FD98 /* Core */ = {
			isa = PBXGroup;
			children = (
				9E3E861B2B1A2FBA00F3FD98 /* Authentication */,
				9E3E861A2B1A2FB900F3FD98 /* Comments */,
				9E3E86192B1A2FB800F3FD98 /* Components */,
				9E3E86182B1A2FB600F3FD98 /* Feed */,
				9E3E86172B1A2FB500F3FD98 /* Notifications */,
				9E3E86162B1A2FB300F3FD98 /* Profile */,
				9E3E86152B1A2FB200F3FD98 /* Root */,
				9E3E86142B1A2FAC00F3FD98 /* Search */,
				9E3E86132B1A2FAB00F3FD98 /* TabBar */,
				9E3E86122B1A2FA700F3FD98 /* UploadMedia */,
			);
			path = Core;
			sourceTree = "<group>";
		};
		9E3E86112B1A2F3900F3FD98 /* App */ = {
			isa = PBXGroup;
			children = (
				9E3E85FB2B1A2EF100F3FD98 /* TikTokApp.swift */,
			);
			path = App;
			sourceTree = "<group>";
		};
		9E3E86122B1A2FA700F3FD98 /* UploadMedia */ = {
			isa = PBXGroup;
			children = (
			);
			path = UploadMedia;
			sourceTree = "<group>";
		};
		9E3E86132B1A2FAB00F3FD98 /* TabBar */ = {
			isa = PBXGroup;
			children = (
				9E3E861C2B1A309A00F3FD98 /* MainTabView.swift */,
			);
			path = TabBar;
			sourceTree = "<group>";
		};
		9E3E86142B1A2FAC00F3FD98 /* Search */ = {
			isa = PBXGroup;
			children = (
				9E3E86222B1A456E00F3FD98 /* ExploreView.swift */,
				9E3E86242B1A457E00F3FD98 /* UserCell.swift */,
			);
			path = Search;
			sourceTree = "<group>";
		};
		9E3E86152B1A2FB200F3FD98 /* Root */ = {
			isa = PBXGroup;
			children = (
				9E3E85FD2B1A2EF100F3FD98 /* ContentView.swift */,
			);
			path = Root;
			sourceTree = "<group>";
		};
		9E3E86162B1A2FB300F3FD98 /* Profile */ = {
			isa = PBXGroup;
			children = (
				9E3E86302B1A53C600F3FD98 /* Components */,
				9E3E86312B1A53CD00F3FD98 /* View */,
			);
			path = Profile;
			sourceTree = "<group>";
		};
		9E3E86172B1A2FB500F3FD98 /* Notifications */ = {
			isa = PBXGroup;
			children = (
				9E3E86262B1A4A8600F3FD98 /* NotificationsView.swift */,
				9E3E86282B1A4A9800F3FD98 /* NotificationsCell.swift */,
			);
			path = Notifications;
			sourceTree = "<group>";
		};
		9E3E86182B1A2FB600F3FD98 /* Feed */ = {
			isa = PBXGroup;
			children = (
				9E3E861E2B1A35E800F3FD98 /* FeedView.swift */,
				9E3E86202B1A37BA00F3FD98 /* FeedCell.swift */,
			);
			path = Feed;
			sourceTree = "<group>";
		};
		9E3E86192B1A2FB800F3FD98 /* Components */ = {
			isa = PBXGroup;
			children = (
			);
			path = Components;
			sourceTree = "<group>";
		};
		9E3E861A2B1A2FB900F3FD98 /* Comments */ = {
			isa = PBXGroup;
			children = (
			);
			path = Comments;
			sourceTree = "<group>";
		};
		9E3E861B2B1A2FBA00F3FD98 /* Authentication */ = {
			isa = PBXGroup;
			children = (
			);
			path = Authentication;
			sourceTree = "<group>";
		};
		9E3E86302B1A53C600F3FD98 /* Components */ = {
			isa = PBXGroup;
			children = (
				9E3E862C2B1A509500F3FD98 /* ProfileHeaderView.swift */,
				9E3E862E2B1A50AE00F3FD98 /* PostGridView.swift */,
				9E3E86322B1A540C00F3FD98 /* UserStatView.swift */,
			);
			path = Components;
			sourceTree = "<group>";
		};
		9E3E86312B1A53CD00F3FD98 /* View */ = {
			isa = PBXGroup;
			children = (
				9E3E862A2B1A4F4B00F3FD98 /* CurrentUserProfileView.swift */,
			);
			path = View;
			sourceTree = "<group>";
		};
/* End PBXGroup section */

/* Begin PBXNativeTarget section */
		9E3E85F72B1A2EF100F3FD98 /* TikTok */ = {
			isa = PBXNativeTarget;
			buildConfigurationList = 9E3E86062B1A2EF200F3FD98 /* Build configuration list for PBXNativeTarget "TikTok" */;
			buildPhases = (
				9E3E85F42B1A2EF100F3FD98 /* Sources */,
				9E3E85F52B1A2EF100F3FD98 /* Frameworks */,
				9E3E85F62B1A2EF100F3FD98 /* Resources */,
			);
			buildRules = (
			);
			dependencies = (
			);
			name = TikTok;
			productName = TikTok;
			productReference = 9E3E85F82B1A2EF100F3FD98 /* TikTok.app */;
			productType = "com.apple.product-type.application";
		};
/* End PBXNativeTarget section */

/* Begin PBXProject section */
		9E3E85F02B1A2EF100F3FD98 /* Project object */ = {
			isa = PBXProject;
			attributes = {
				BuildIndependentTargetsInParallel = 1;
				LastSwiftUpdateCheck = 1500;
				LastUpgradeCheck = 1500;
				TargetAttributes = {
					9E3E85F72B1A2EF100F3FD98 = {
						CreatedOnToolsVersion = 15.0.1;
					};
				};
			};
			buildConfigurationList = 9E3E85F32B1A2EF100F3FD98 /* Build configuration list for PBXProject "TikTok" */;
			compatibilityVersion = "Xcode 14.0";
			developmentRegion = en;
			hasScannedForEncodings = 0;
			knownRegions = (
				en,
				Base,
			);
			mainGroup = 9E3E85EF2B1A2EF100F3FD98;
			productRefGroup = 9E3E85F92B1A2EF100F3FD98 /* Products */;
			projectDirPath = "";
			projectRoot = "";
			targets = (
				9E3E85F72B1A2EF100F3FD98 /* TikTok */,
			);
		};
/* End PBXProject section */

/* Begin PBXResourcesBuildPhase section */
		9E3E85F62B1A2EF100F3FD98 /* Resources */ = {
			isa = PBXResourcesBuildPhase;
			buildActionMask = 2147483647;
			files = (
				9E3E86032B1A2EF200F3FD98 /* Preview Assets.xcassets in Resources */,
				9E3E86002B1A2EF200F3FD98 /* Assets.xcassets in Resources */,
			);
			runOnlyForDeploymentPostprocessing = 0;
		};
/* End PBXResourcesBuildPhase section */

/* Begin PBXSourcesBuildPhase section */
		9E3E85F42B1A2EF100F3FD98 /* Sources */ = {
			isa = PBXSourcesBuildPhase;
			buildActionMask = 2147483647;
			files = (
				9E3E85FE2B1A2EF100F3FD98 /* ContentView.swift in Sources */,
				9E3E86212B1A37BA00F3FD98 /* FeedCell.swift in Sources */,
				9E3E862D2B1A509500F3FD98 /* ProfileHeaderView.swift in Sources */,
				9E3E86332B1A540C00F3FD98 /* UserStatView.swift in Sources */,
				9E3E861F2B1A35E800F3FD98 /* FeedView.swift in Sources */,
				9E3E85FC2B1A2EF100F3FD98 /* TikTokApp.swift in Sources */,
				9E3E86232B1A456E00F3FD98 /* ExploreView.swift in Sources */,
				9E3E861D2B1A309A00F3FD98 /* MainTabView.swift in Sources */,
				9E3E86252B1A457E00F3FD98 /* UserCell.swift in Sources */,
				9E3E862F2B1A50AE00F3FD98 /* PostGridView.swift in Sources */,
				9E3E862B2B1A4F4B00F3FD98 /* CurrentUserProfileView.swift in Sources */,
				9E3E86292B1A4A9800F3FD98 /* NotificationsCell.swift in Sources */,
				9E3E86272B1A4A8600F3FD98 /* NotificationsView.swift in Sources */,
			);
			runOnlyForDeploymentPostprocessing = 0;
		};
/* End PBXSourcesBuildPhase section */

/* Begin XCBuildConfiguration section */
		9E3E86042B1A2EF200F3FD98 /* Debug */ = {
			isa = XCBuildConfiguration;
			buildSettings = {
				ALWAYS_SEARCH_USER_PATHS = NO;
				ASSETCATALOG_COMPILER_GENERATE_SWIFT_ASSET_SYMBOL_EXTENSIONS = YES;
				CLANG_ANALYZER_NONNULL = YES;
				CLANG_ANALYZER_NUMBER_OBJECT_CONVERSION = YES_AGGRESSIVE;
				CLANG_CXX_LANGUAGE_STANDARD = "gnu++20";
				CLANG_ENABLE_MODULES = YES;
				CLANG_ENABLE_OBJC_ARC = YES;
				CLANG_ENABLE_OBJC_WEAK = YES;
				CLANG_WARN_BLOCK_CAPTURE_AUTORELEASING = YES;
				CLANG_WARN_BOOL_CONVERSION = YES;
				CLANG_WARN_COMMA = YES;
				CLANG_WARN_CONSTANT_CONVERSION = YES;
				CLANG_WARN_DEPRECATED_OBJC_IMPLEMENTATIONS = YES;
				CLANG_WARN_DIRECT_OBJC_ISA_USAGE = YES_ERROR;
				CLANG_WARN_DOCUMENTATION_COMMENTS = YES;
				CLANG_WARN_EMPTY_BODY = YES;
				CLANG_WARN_ENUM_CONVERSION = YES;
				CLANG_WARN_INFINITE_RECURSION = YES;
				CLANG_WARN_INT_CONVERSION = YES;
				CLANG_WARN_NON_LITERAL_NULL_CONVERSION = YES;
				CLANG_WARN_OBJC_IMPLICIT_RETAIN_SELF = YES;
				CLANG_WARN_OBJC_LITERAL_CONVERSION = YES;
				CLANG_WARN_OBJC_ROOT_CLASS = YES_ERROR;
				CLANG_WARN_QUOTED_INCLUDE_IN_FRAMEWORK_HEADER = YES;
				CLANG_WARN_RANGE_LOOP_ANALYSIS = YES;
				CLANG_WARN_STRICT_PROTOTYPES = YES;
				CLANG_WARN_SUSPICIOUS_MOVE = YES;
				CLANG_WARN_UNGUARDED_AVAILABILITY = YES_AGGRESSIVE;
				CLANG_WARN_UNREACHABLE_CODE = YES;
				CLANG_WARN__DUPLICATE_METHOD_MATCH = YES;
				COPY_PHASE_STRIP = NO;
				DEBUG_INFORMATION_FORMAT = dwarf;
				ENABLE_STRICT_OBJC_MSGSEND = YES;
				ENABLE_TESTABILITY = YES;
				ENABLE_USER_SCRIPT_SANDBOXING = YES;
				GCC_C_LANGUAGE_STANDARD = gnu17;
				GCC_DYNAMIC_NO_PIC = NO;
				GCC_NO_COMMON_BLOCKS = YES;
				GCC_OPTIMIZATION_LEVEL = 0;
				GCC_PREPROCESSOR_DEFINITIONS = (
					"DEBUG=1",
					"$(inherited)",
				);
				GCC_WARN_64_TO_32_BIT_CONVERSION = YES;
				GCC_WARN_ABOUT_RETURN_TYPE = YES_ERROR;
				GCC_WARN_UNDECLARED_SELECTOR = YES;
				GCC_WARN_UNINITIALIZED_AUTOS = YES_AGGRESSIVE;
				GCC_WARN_UNUSED_FUNCTION = YES;
				GCC_WARN_UNUSED_VARIABLE = YES;
				IPHONEOS_DEPLOYMENT_TARGET = 17.0;
				LOCALIZATION_PREFERS_STRING_CATALOGS = YES;
				MTL_ENABLE_DEBUG_INFO = INCLUDE_SOURCE;
				MTL_FAST_MATH = YES;
				ONLY_ACTIVE_ARCH = YES;
				SDKROOT = iphoneos;
				SWIFT_ACTIVE_COMPILATION_CONDITIONS = "DEBUG $(inherited)";
				SWIFT_OPTIMIZATION_LEVEL = "-Onone";
			};
			name = Debug;
		};
		9E3E86052B1A2EF200F3FD98 /* Release */ = {
			isa = XCBuildConfiguration;
			buildSettings = {
				ALWAYS_SEARCH_USER_PATHS = NO;
				ASSETCATALOG_COMPILER_GENERATE_SWIFT_ASSET_SYMBOL_EXTENSIONS = YES;
				CLANG_ANALYZER_NONNULL = YES;
				CLANG_ANALYZER_NUMBER_OBJECT_CONVERSION = YES_AGGRESSIVE;
				CLANG_CXX_LANGUAGE_STANDARD = "gnu++20";
				CLANG_ENABLE_MODULES = YES;
				CLANG_ENABLE_OBJC_ARC = YES;
				CLANG_ENABLE_OBJC_WEAK = YES;
				CLANG_WARN_BLOCK_CAPTURE_AUTORELEASING = YES;
				CLANG_WARN_BOOL_CONVERSION = YES;
				CLANG_WARN_COMMA = YES;
				CLANG_WARN_CONSTANT_CONVERSION = YES;
				CLANG_WARN_DEPRECATED_OBJC_IMPLEMENTATIONS = YES;
				CLANG_WARN_DIRECT_OBJC_ISA_USAGE = YES_ERROR;
				CLANG_WARN_DOCUMENTATION_COMMENTS = YES;
				CLANG_WARN_EMPTY_BODY = YES;
				CLANG_WARN_ENUM_CONVERSION = YES;
				CLANG_WARN_INFINITE_RECURSION = YES;
				CLANG_WARN_INT_CONVERSION = YES;
				CLANG_WARN_NON_LITERAL_NULL_CONVERSION = YES;
				CLANG_WARN_OBJC_IMPLICIT_RETAIN_SELF = YES;
				CLANG_WARN_OBJC_LITERAL_CONVERSION = YES;
				CLANG_WARN_OBJC_ROOT_CLASS = YES_ERROR;
				CLANG_WARN_QUOTED_INCLUDE_IN_FRAMEWORK_HEADER = YES;
				CLANG_WARN_RANGE_LOOP_ANALYSIS = YES;
				CLANG_WARN_STRICT_PROTOTYPES = YES;
				CLANG_WARN_SUSPICIOUS_MOVE = YES;
				CLANG_WARN_UNGUARDED_AVAILABILITY = YES_AGGRESSIVE;
				CLANG_WARN_UNREACHABLE_CODE = YES;
				CLANG_WARN__DUPLICATE_METHOD_MATCH = YES;
				COPY_PHASE_STRIP = NO;
				DEBUG_INFORMATION_FORMAT = "dwarf-with-dsym";
				ENABLE_NS_ASSERTIONS = NO;
				ENABLE_STRICT_OBJC_MSGSEND = YES;
				ENABLE_USER_SCRIPT_SANDBOXING = YES;
				GCC_C_LANGUAGE_STANDARD = gnu17;
				GCC_NO_COMMON_BLOCKS = YES;
				GCC_WARN_64_TO_32_BIT_CONVERSION = YES;
				GCC_WARN_ABOUT_RETURN_TYPE = YES_ERROR;
				GCC_WARN_UNDECLARED_SELECTOR = YES;
				GCC_WARN_UNINITIALIZED_AUTOS = YES_AGGRESSIVE;
				GCC_WARN_UNUSED_FUNCTION = YES;
				GCC_WARN_UNUSED_VARIABLE = YES;
				IPHONEOS_DEPLOYMENT_TARGET = 17.0;
				LOCALIZATION_PREFERS_STRING_CATALOGS = YES;
				MTL_ENABLE_DEBUG_INFO = NO;
				MTL_FAST_MATH = YES;
				SDKROOT = iphoneos;
				SWIFT_COMPILATION_MODE = wholemodule;
				VALIDATE_PRODUCT = YES;
			};
			name = Release;
		};
		9E3E86072B1A2EF200F3FD98 /* Debug */ = {
			isa = XCBuildConfiguration;
			buildSettings = {
				ASSETCATALOG_COMPILER_APPICON_NAME = AppIcon;
				ASSETCATALOG_COMPILER_GLOBAL_ACCENT_COLOR_NAME = AccentColor;
				CODE_SIGN_STYLE = Automatic;
				CURRENT_PROJECT_VERSION = 1;
				DEVELOPMENT_ASSET_PATHS = "\"TikTok/Preview Content\"";
				DEVELOPMENT_TEAM = W24A4VSSJA;
				ENABLE_PREVIEWS = YES;
				GENERATE_INFOPLIST_FILE = YES;
				INFOPLIST_KEY_UIApplicationSceneManifest_Generation = YES;
				INFOPLIST_KEY_UIApplicationSupportsIndirectInputEvents = YES;
				INFOPLIST_KEY_UILaunchScreen_Generation = YES;
				INFOPLIST_KEY_UISupportedInterfaceOrientations_iPad = "UIInterfaceOrientationPortrait UIInterfaceOrientationPortraitUpsideDown UIInterfaceOrientationLandscapeLeft UIInterfaceOrientationLandscapeRight";
				INFOPLIST_KEY_UISupportedInterfaceOrientations_iPhone = "UIInterfaceOrientationPortrait UIInterfaceOrientationLandscapeLeft UIInterfaceOrientationLandscapeRight";
				LD_RUNPATH_SEARCH_PATHS = (
					"$(inherited)",
					"@executable_path/Frameworks",
				);
				MARKETING_VERSION = 1.0;
				PRODUCT_BUNDLE_IDENTIFIER = AppStuff.TikTok;
				PRODUCT_NAME = "$(TARGET_NAME)";
				SWIFT_EMIT_LOC_STRINGS = YES;
				SWIFT_VERSION = 5.0;
				TARGETED_DEVICE_FAMILY = "1,2";
			};
			name = Debug;
		};
		9E3E86082B1A2EF200F3FD98 /* Release */ = {
			isa = XCBuildConfiguration;
			buildSettings = {
				ASSETCATALOG_COMPILER_APPICON_NAME = AppIcon;
				ASSETCATALOG_COMPILER_GLOBAL_ACCENT_COLOR_NAME = AccentColor;
				CODE_SIGN_STYLE = Automatic;
				CURRENT_PROJECT_VERSION = 1;
				DEVELOPMENT_ASSET_PATHS = "\"TikTok/Preview Content\"";
				DEVELOPMENT_TEAM = W24A4VSSJA;
				ENABLE_PREVIEWS = YES;
				GENERATE_INFOPLIST_FILE = YES;
				INFOPLIST_KEY_UIApplicationSceneManifest_Generation = YES;
				INFOPLIST_KEY_UIApplicationSupportsIndirectInputEvents = YES;
				INFOPLIST_KEY_UILaunchScreen_Generation = YES;
				INFOPLIST_KEY_UISupportedInterfaceOrientations_iPad = "UIInterfaceOrientationPortrait UIInterfaceOrientationPortraitUpsideDown UIInterfaceOrientationLandscapeLeft UIInterfaceOrientationLandscapeRight";
				INFOPLIST_KEY_UISupportedInterfaceOrientations_iPhone = "UIInterfaceOrientationPortrait UIInterfaceOrientationLandscapeLeft UIInterfaceOrientationLandscapeRight";
				LD_RUNPATH_SEARCH_PATHS = (
					"$(inherited)",
					"@executable_path/Frameworks",
				);
				MARKETING_VERSION = 1.0;
				PRODUCT_BUNDLE_IDENTIFIER = AppStuff.TikTok;
				PRODUCT_NAME = "$(TARGET_NAME)";
				SWIFT_EMIT_LOC_STRINGS = YES;
				SWIFT_VERSION = 5.0;
				TARGETED_DEVICE_FAMILY = "1,2";
			};
			name = Release;
		};
/* End XCBuildConfiguration section */

/* Begin XCConfigurationList section */
		9E3E85F32B1A2EF100F3FD98 /* Build configuration list for PBXProject "TikTok" */ = {
			isa = XCConfigurationList;
			buildConfigurations = (
				9E3E86042B1A2EF200F3FD98 /* Debug */,
				9E3E86052B1A2EF200F3FD98 /* Release */,
			);
			defaultConfigurationIsVisible = 0;
			defaultConfigurationName = Release;
		};
		9E3E86062B1A2EF200F3FD98 /* Build configuration list for PBXNativeTarget "TikTok" */ = {
			isa = XCConfigurationList;
			buildConfigurations = (
				9E3E86072B1A2EF200F3FD98 /* Debug */,
				9E3E86082B1A2EF200F3FD98 /* Release */,
			);
			defaultConfigurationIsVisible = 0;
			defaultConfigurationName = Release;
		};
/* End XCConfigurationList section */
	};
	rootObject = 9E3E85F02B1A2EF100F3FD98 /* Project object */;
}
